
Microsoft Visual Studio Solution File, Format Version 12.00
# Visual Studio Version 16
VisualStudioVersion = 16.0.31729.503
MinimumVisualStudioVersion = 10.0.40219.1
Project("{8BC9CEB8-8B4A-11D0-8D11-00A0C91BC942}") = "testvirtual", "testvirtual.vcxproj", "{18E3E7A6-69DD-430D-82F7-1EF3A2C8E112}"
EndProject
Global
	GlobalSection(SolutionConfigurationPlatforms) = preSolution
		Debug|x64 = Debug|x64
		Debug|x86 = Debug|x86
		Release|x64 = Release|x64
		Release|x86 = Release|x86
	EndGlobalSection
	GlobalSection(ProjectConfigurationPlatforms) = postSolution
		{18E3E7A6-69DD-430D-82F7-1EF3A2C8E112}.Debug|x64.ActiveCfg = Debug|x64
		{18E3E7A6-69DD-430D-82F7-1EF3A2C8E112}.Debug|x64.Build.0 = Debug|x64
		{18E3E7A6-69DD-430D-82F7-1EF3A2C8E112}.Debug|x86.ActiveCfg = Debug|Win32
		{18E3E7A6-69DD-430D-82F7-1EF3A2C8E112}.Debug|x86.Build.0 = Debug|Win32
		{18E3E7A6-69DD-430D-82F7-1EF3A2C8E112}.Release|x64.ActiveCfg = Release|x64
		{18E3E7A6-69DD-430D-82F7-1EF3A2C8E112}.Release|x64.Build.0 = Release|x64
		{18E3E7A6-69DD-430D-82F7-1EF3A2C8E112}.Release|x86.ActiveCfg = Release|Win32
		{18E3E7A6-69DD-430D-82F7-1EF3A2C8E112}.Release|x86.Build.0 = Release|Win32
	EndGlobalSection
	GlobalSection(SolutionProperties) = preSolution
		HideSolutionNode = FALSE
	EndGlobalSection
	GlobalSection(ExtensibilityGlobals) = postSolution
		SolutionGuid = {2540EF70-5BC1-45FA-9EBB-A18D4CF8D101}
	EndGlobalSection
EndGlobal
