
Microsoft Visual Studio Solution File, Format Version 12.00
# Visual Studio Version 16
VisualStudioVersion = 16.0.31729.503
MinimumVisualStudioVersion = 10.0.40219.1
Project("{8BC9CEB8-8B4A-11D0-8D11-00A0C91BC942}") = "copyconstructor", "copyconstructor.vcxproj", "{D40EBDC5-072B-4B47-BBF8-271E919C6880}"
EndProject
Global
	GlobalSection(SolutionConfigurationPlatforms) = preSolution
		Debug|x64 = Debug|x64
		Debug|x86 = Debug|x86
		Release|x64 = Release|x64
		Release|x86 = Release|x86
	EndGlobalSection
	GlobalSection(ProjectConfigurationPlatforms) = postSolution
		{D40EBDC5-072B-4B47-BBF8-271E919C6880}.Debug|x64.ActiveCfg = Debug|x64
		{D40EBDC5-072B-4B47-BBF8-271E919C6880}.Debug|x64.Build.0 = Debug|x64
		{D40EBDC5-072B-4B47-BBF8-271E919C6880}.Debug|x86.ActiveCfg = Debug|Win32
		{D40EBDC5-072B-4B47-BBF8-271E919C6880}.Debug|x86.Build.0 = Debug|Win32
		{D40EBDC5-072B-4B47-BBF8-271E919C6880}.Release|x64.ActiveCfg = Release|x64
		{D40EBDC5-072B-4B47-BBF8-271E919C6880}.Release|x64.Build.0 = Release|x64
		{D40EBDC5-072B-4B47-BBF8-271E919C6880}.Release|x86.ActiveCfg = Release|Win32
		{D40EBDC5-072B-4B47-BBF8-271E919C6880}.Release|x86.Build.0 = Release|Win32
	EndGlobalSection
	GlobalSection(SolutionProperties) = preSolution
		HideSolutionNode = FALSE
	EndGlobalSection
	GlobalSection(ExtensibilityGlobals) = postSolution
		SolutionGuid = {B93B4EA7-EFF4-4D6B-B34E-C872B40AF248}
	EndGlobalSection
EndGlobal
